
Microsoft Visual Studio Solution File, Format Version 12.00
# Visual Studio Version 16
VisualStudioVersion = 16.0.31613.86
MinimumVisualStudioVersion = 10.0.40219.1
Project("{9A19103F-16F7-4668-BE54-9A1E7A4F7556}") = "TiendaServicio.Api.Autor", "TiendaServicio.Api.Autor\TiendaServicio.Api.Autor.csproj", "{35133DF6-36E2-4FAF-9A60-C3B9AC4F12C1}"
EndProject
Project("{9A19103F-16F7-4668-BE54-9A1E7A4F7556}") = "TiendaServicios.Api.Libro", "TiendaServicios.Api.Libro\TiendaServicios.Api.Libro.csproj", "{2C929756-A714-440E-BC82-D5DDA9DF58B7}"
EndProject
Project("{9A19103F-16F7-4668-BE54-9A1E7A4F7556}") = "TiendaServicios.Api.CarritoCompra", "TiendaServicios.Api.CarritoCompra\TiendaServicios.Api.CarritoCompra.csproj", "{BC294201-3F21-4D97-BC5D-1CB980708871}"
EndProject
Project("{FAE04EC0-301F-11D3-BF4B-00C04F79EFBC}") = "TiendaServicios.Api.Libro.Tests", "TiendaServicios.Api.Libro.Tests\TiendaServicios.Api.Libro.Tests.csproj", "{833D6B38-9FC4-403E-9C9B-1E27399B19DD}"
EndProject
Global
	GlobalSection(SolutionConfigurationPlatforms) = preSolution
		Debug|Any CPU = Debug|Any CPU
		Release|Any CPU = Release|Any CPU
	EndGlobalSection
	GlobalSection(ProjectConfigurationPlatforms) = postSolution
		{35133DF6-36E2-4FAF-9A60-C3B9AC4F12C1}.Debug|Any CPU.ActiveCfg = Debug|Any CPU
		{35133DF6-36E2-4FAF-9A60-C3B9AC4F12C1}.Debug|Any CPU.Build.0 = Debug|Any CPU
		{35133DF6-36E2-4FAF-9A60-C3B9AC4F12C1}.Release|Any CPU.ActiveCfg = Release|Any CPU
		{35133DF6-36E2-4FAF-9A60-C3B9AC4F12C1}.Release|Any CPU.Build.0 = Release|Any CPU
		{2C929756-A714-440E-BC82-D5DDA9DF58B7}.Debug|Any CPU.ActiveCfg = Debug|Any CPU
		{2C929756-A714-440E-BC82-D5DDA9DF58B7}.Debug|Any CPU.Build.0 = Debug|Any CPU
		{2C929756-A714-440E-BC82-D5DDA9DF58B7}.Release|Any CPU.ActiveCfg = Release|Any CPU
		{2C929756-A714-440E-BC82-D5DDA9DF58B7}.Release|Any CPU.Build.0 = Release|Any CPU
		{BC294201-3F21-4D97-BC5D-1CB980708871}.Debug|Any CPU.ActiveCfg = Debug|Any CPU
		{BC294201-3F21-4D97-BC5D-1CB980708871}.Debug|Any CPU.Build.0 = Debug|Any CPU
		{BC294201-3F21-4D97-BC5D-1CB980708871}.Release|Any CPU.ActiveCfg = Release|Any CPU
		{BC294201-3F21-4D97-BC5D-1CB980708871}.Release|Any CPU.Build.0 = Release|Any CPU
		{833D6B38-9FC4-403E-9C9B-1E27399B19DD}.Debug|Any CPU.ActiveCfg = Debug|Any CPU
		{833D6B38-9FC4-403E-9C9B-1E27399B19DD}.Debug|Any CPU.Build.0 = Debug|Any CPU
		{833D6B38-9FC4-403E-9C9B-1E27399B19DD}.Release|Any CPU.ActiveCfg = Release|Any CPU
		{833D6B38-9FC4-403E-9C9B-1E27399B19DD}.Release|Any CPU.Build.0 = Release|Any CPU
	EndGlobalSection
	GlobalSection(SolutionProperties) = preSolution
		HideSolutionNode = FALSE
	EndGlobalSection
	GlobalSection(ExtensibilityGlobals) = postSolution
		SolutionGuid = {98550FD9-2FA3-4F71-BAB5-7CD82D1C5A4C}
	EndGlobalSection
EndGlobal
